{
  "requires": true,
  "lockfileVersion": 1,
  "dependencies": {
    "@vant/weapp": {
      "version": "1.6.7",
      "resolved": "https://registry.npmjs.org/@vant/weapp/-/weapp-1.6.7.tgz",
      "integrity": "sha512-wgCfXgCXMu4qTFwJKWJlcd6aAEKOZnY2V99kjg5ZlAdRXxTVAyvl2qxmppFOwas0QFGjBVUBM0eKo2rY+3SL6g=="
    }
  }
}
